
Microsoft Visual Studio Solution File, Format Version 12.00
# Visual Studio 15
Project("{FAE04EC0-301F-11D3-BF4B-00C04F79EFBC}") = "LandonApi", "LandonApi\LandonApi.csproj", "{BC138361-CC49-4B78-A67B-031084A55CA8}"
EndProject
Global
	GlobalSection(SolutionConfigurationPlatforms) = preSolution
		Debug|Any CPU = Debug|Any CPU
		Release|Any CPU = Release|Any CPU
	EndGlobalSection
	GlobalSection(ProjectConfigurationPlatforms) = postSolution
		{BC138361-CC49-4B78-A67B-031084A55CA8}.Debug|Any CPU.ActiveCfg = Debug|Any CPU
		{BC138361-CC49-4B78-A67B-031084A55CA8}.Debug|Any CPU.Build.0 = Debug|Any CPU
		{BC138361-CC49-4B78-A67B-031084A55CA8}.Release|Any CPU.ActiveCfg = Release|Any CPU
		{BC138361-CC49-4B78-A67B-031084A55CA8}.Release|Any CPU.Build.0 = Release|Any CPU
	EndGlobalSection
EndGlobal
